
Microsoft Visual Studio Solution File, Format Version 12.00
# Visual Studio Version 17
VisualStudioVersion = 17.9.34728.123
MinimumVisualStudioVersion = 10.0.40219.1
Project("{FAE04EC0-301F-11D3-BF4B-00C04F79EFBC}") = "ShoeStore", "ShoeStore\ShoeStore.csproj", "{699334E7-F3F5-4500-BE45-47885191FD3E}"
EndProject
Global
	GlobalSection(SolutionConfigurationPlatforms) = preSolution
		Debug|Any CPU = Debug|Any CPU
		Release|Any CPU = Release|Any CPU
	EndGlobalSection
	GlobalSection(ProjectConfigurationPlatforms) = postSolution
		{699334E7-F3F5-4500-BE45-47885191FD3E}.Debug|Any CPU.ActiveCfg = Debug|Any CPU
		{699334E7-F3F5-4500-BE45-47885191FD3E}.Debug|Any CPU.Build.0 = Debug|Any CPU
		{699334E7-F3F5-4500-BE45-47885191FD3E}.Release|Any CPU.ActiveCfg = Release|Any CPU
		{699334E7-F3F5-4500-BE45-47885191FD3E}.Release|Any CPU.Build.0 = Release|Any CPU
	EndGlobalSection
	GlobalSection(SolutionProperties) = preSolution
		HideSolutionNode = FALSE
	EndGlobalSection
	GlobalSection(ExtensibilityGlobals) = postSolution
		SolutionGuid = {40EC807A-82C9-44D7-B8A3-E43BEF2D1041}
	EndGlobalSection
EndGlobal
